
Microsoft Visual Studio Solution File, Format Version 12.00
# Visual Studio Version 16
VisualStudioVersion = 16.0.31129.286
MinimumVisualStudioVersion = 10.0.40219.1
Project("{FAE04EC0-301F-11D3-BF4B-00C04F79EFBC}") = "BuilderAndCheckOrder", "BuilderAndCheckOrder\BuilderAndCheckOrder.csproj", "{C12DC3D5-B045-46D7-BA25-03488113273F}"
EndProject
Global
	GlobalSection(SolutionConfigurationPlatforms) = preSolution
		Debug|Any CPU = Debug|Any CPU
		Release|Any CPU = Release|Any CPU
	EndGlobalSection
	GlobalSection(ProjectConfigurationPlatforms) = postSolution
		{C12DC3D5-B045-46D7-BA25-03488113273F}.Debug|Any CPU.ActiveCfg = Debug|Any CPU
		{C12DC3D5-B045-46D7-BA25-03488113273F}.Debug|Any CPU.Build.0 = Debug|Any CPU
		{C12DC3D5-B045-46D7-BA25-03488113273F}.Release|Any CPU.ActiveCfg = Release|Any CPU
		{C12DC3D5-B045-46D7-BA25-03488113273F}.Release|Any CPU.Build.0 = Release|Any CPU
	EndGlobalSection
	GlobalSection(SolutionProperties) = preSolution
		HideSolutionNode = FALSE
	EndGlobalSection
	GlobalSection(ExtensibilityGlobals) = postSolution
		SolutionGuid = {8AD9B424-6700-475D-8B1A-EE1BD3D5F3D5}
	EndGlobalSection
EndGlobal
